// !$*UTF8*$!
{
	archiveVersion = 1;
	classes = {
	};
	objectVersion = 46;
	objects = {

/* Begin PBXBuildFile section */
		ABEAC166199A282E00B8B786 /* Foundation.framework in Frameworks */ = {isa = PBXBuildFile; fileRef = ABEAC165199A282E00B8B786 /* Foundation.framework */; };
		ABEAC168199A282E00B8B786 /* CoreGraphics.framework in Frameworks */ = {isa = PBXBuildFile; fileRef = ABEAC167199A282E00B8B786 /* CoreGraphics.framework */; };
		ABEAC16A199A282E00B8B786 /* UIKit.framework in Frameworks */ = {isa = PBXBuildFile; fileRef = ABEAC169199A282E00B8B786 /* UIKit.framework */; };
		ABEAC170199A282E00B8B786 /* InfoPlist.strings in Resources */ = {isa = PBXBuildFile; fileRef = ABEAC16E199A282E00B8B786 /* InfoPlist.strings */; };
		ABEAC172199A282E00B8B786 /* main.m in Sources */ = {isa = PBXBuildFile; fileRef = ABEAC171199A282E00B8B786 /* main.m */; };
		ABEAC176199A282E00B8B786 /* VRAppDelegate.m in Sources */ = {isa = PBXBuildFile; fileRef = ABEAC175199A282E00B8B786 /* VRAppDelegate.m */; };
		ABEAC179199A282E00B8B786 /* Main_iPhone.storyboard in Resources */ = {isa = PBXBuildFile; fileRef = ABEAC177199A282E00B8B786 /* Main_iPhone.storyboard */; };
		ABEAC17F199A282E00B8B786 /* VRViewController.m in Sources */ = {isa = PBXBuildFile; fileRef = ABEAC17E199A282E00B8B786 /* VRViewController.m */; };
		ABEAC181199A282E00B8B786 /* Images.xcassets in Resources */ = {isa = PBXBuildFile; fileRef = ABEAC180199A282E00B8B786 /* Images.xcassets */; };
		ABEAC188199A282E00B8B786 /* XCTest.framework in Frameworks */ = {isa = PBXBuildFile; fileRef = ABEAC187199A282E00B8B786 /* XCTest.framework */; };
		ABEAC189199A282E00B8B786 /* Foundation.framework in Frameworks */ = {isa = PBXBuildFile; fileRef = ABEAC165199A282E00B8B786 /* Foundation.framework */; };
		ABEAC18A199A282E00B8B786 /* UIKit.framework in Frameworks */ = {isa = PBXBuildFile; fileRef = ABEAC169199A282E00B8B786 /* UIKit.framework */; };
		ABEAC192199A282E00B8B786 /* InfoPlist.strings in Resources */ = {isa = PBXBuildFile; fileRef = ABEAC190199A282E00B8B786 /* InfoPlist.strings */; };
		ABEAC194199A282E00B8B786 /* VRAnimationToolsExampleTests.m in Sources */ = {isa = PBXBuildFile; fileRef = ABEAC193199A282E00B8B786 /* VRAnimationToolsExampleTests.m */; };
		ABEAC1A2199A283D00B8B786 /* UIView+AnimationTools.m in Sources */ = {isa = PBXBuildFile; fileRef = ABEAC19F199A283D00B8B786 /* UIView+AnimationTools.m */; };
		ABEAC1B3199A32E200B8B786 /* CPAnimationProgram.m in Sources */ = {isa = PBXBuildFile; fileRef = ABEAC1AE199A32E200B8B786 /* CPAnimationProgram.m */; };
		ABEAC1B4199A32E200B8B786 /* CPAnimationSequence.m in Sources */ = {isa = PBXBuildFile; fileRef = ABEAC1B0199A32E200B8B786 /* CPAnimationSequence.m */; };
		ABEAC1B5199A32E200B8B786 /* CPAnimationStep.m in Sources */ = {isa = PBXBuildFile; fileRef = ABEAC1B2199A32E200B8B786 /* CPAnimationStep.m */; };
/* End PBXBuildFile section */

/* Begin PBXContainerItemProxy section */
		ABEAC18B199A282E00B8B786 /* PBXContainerItemProxy */ = {
			isa = PBXContainerItemProxy;
			containerPortal = ABEAC15A199A282E00B8B786 /* Project object */;
			proxyType = 1;
			remoteGlobalIDString = ABEAC161199A282E00B8B786;
			remoteInfo = VRAnimationToolsExample;
		};
/* End PBXContainerItemProxy section */

/* Begin PBXFileReference section */
		ABEAC162199A282E00B8B786 /* VRAnimationToolsExample.app */ = {isa = PBXFileReference; explicitFileType = wrapper.application; includeInIndex = 0; path = VRAnimationToolsExample.app; sourceTree = BUILT_PRODUCTS_DIR; };
		ABEAC165199A282E00B8B786 /* Foundation.framework */ = {isa = PBXFileReference; lastKnownFileType = wrapper.framework; name = Foundation.framework; path = System/Library/Frameworks/Foundation.framework; sourceTree = SDKROOT; };
		ABEAC167199A282E00B8B786 /* CoreGraphics.framework */ = {isa = PBXFileReference; lastKnownFileType = wrapper.framework; name = CoreGraphics.framework; path = System/Library/Frameworks/CoreGraphics.framework; sourceTree = SDKROOT; };
		ABEAC169199A282E00B8B786 /* UIKit.framework */ = {isa = PBXFileReference; lastKnownFileType = wrapper.framework; name = UIKit.framework; path = System/Library/Frameworks/UIKit.framework; sourceTree = SDKROOT; };
		ABEAC16D199A282E00B8B786 /* VRAnimationToolsExample-Info.plist */ = {isa = PBXFileReference; lastKnownFileType = text.plist.xml; path = "VRAnimationToolsExample-Info.plist"; sourceTree = "<group>"; };
		ABEAC16F199A282E00B8B786 /* en */ = {isa = PBXFileReference; lastKnownFileType = text.plist.strings; name = en; path = en.lproj/InfoPlist.strings; sourceTree = "<group>"; };
		ABEAC171199A282E00B8B786 /* main.m */ = {isa = PBXFileReference; lastKnownFileType = sourcecode.c.objc; path = main.m; sourceTree = "<group>"; };
		ABEAC173199A282E00B8B786 /* VRAnimationToolsExample-Prefix.pch */ = {isa = PBXFileReference; lastKnownFileType = sourcecode.c.h; path = "VRAnimationToolsExample-Prefix.pch"; sourceTree = "<group>"; };
		ABEAC174199A282E00B8B786 /* VRAppDelegate.h */ = {isa = PBXFileReference; lastKnownFileType = sourcecode.c.h; path = VRAppDelegate.h; sourceTree = "<group>"; };
		ABEAC175199A282E00B8B786 /* VRAppDelegate.m */ = {isa = PBXFileReference; lastKnownFileType = sourcecode.c.objc; path = VRAppDelegate.m; sourceTree = "<group>"; };
		ABEAC178199A282E00B8B786 /* Base */ = {isa = PBXFileReference; lastKnownFileType = file.storyboard; name = Base; path = Base.lproj/Main_iPhone.storyboard; sourceTree = "<group>"; };
		ABEAC17D199A282E00B8B786 /* VRViewController.h */ = {isa = PBXFileReference; lastKnownFileType = sourcecode.c.h; path = VRViewController.h; sourceTree = "<group>"; };
		ABEAC17E199A282E00B8B786 /* VRViewController.m */ = {isa = PBXFileReference; lastKnownFileType = sourcecode.c.objc; path = VRViewController.m; sourceTree = "<group>"; };
		ABEAC180199A282E00B8B786 /* Images.xcassets */ = {isa = PBXFileReference; lastKnownFileType = folder.assetcatalog; path = Images.xcassets; sourceTree = "<group>"; };
		ABEAC186199A282E00B8B786 /* VRAnimationToolsExampleTests.xctest */ = {isa = PBXFileReference; explicitFileType = wrapper.cfbundle; includeInIndex = 0; path = VRAnimationToolsExampleTests.xctest; sourceTree = BUILT_PRODUCTS_DIR; };
		ABEAC187199A282E00B8B786 /* XCTest.framework */ = {isa = PBXFileReference; lastKnownFileType = wrapper.framework; name = XCTest.framework; path = Library/Frameworks/XCTest.framework; sourceTree = DEVELOPER_DIR; };
		ABEAC18F199A282E00B8B786 /* VRAnimationToolsExampleTests-Info.plist */ = {isa = PBXFileReference; lastKnownFileType = text.plist.xml; path = "VRAnimationToolsExampleTests-Info.plist"; sourceTree = "<group>"; };
		ABEAC191199A282E00B8B786 /* en */ = {isa = PBXFileReference; lastKnownFileType = text.plist.strings; name = en; path = en.lproj/InfoPlist.strings; sourceTree = "<group>"; };
		ABEAC193199A282E00B8B786 /* VRAnimationToolsExampleTests.m */ = {isa = PBXFileReference; lastKnownFileType = sourcecode.c.objc; path = VRAnimationToolsExampleTests.m; sourceTree = "<group>"; };
		ABEAC19E199A283D00B8B786 /* UIView+AnimationTools.h */ = {isa = PBXFileReference; fileEncoding = 4; lastKnownFileType = sourcecode.c.h; path = "UIView+AnimationTools.h"; sourceTree = "<group>"; };
		ABEAC19F199A283D00B8B786 /* UIView+AnimationTools.m */ = {isa = PBXFileReference; fileEncoding = 4; lastKnownFileType = sourcecode.c.objc; path = "UIView+AnimationTools.m"; sourceTree = "<group>"; };
		ABEAC1A1199A283D00B8B786 /* VRAnimationTools.h */ = {isa = PBXFileReference; fileEncoding = 4; lastKnownFileType = sourcecode.c.h; path = VRAnimationTools.h; sourceTree = "<group>"; };
		ABEAC1AD199A32E200B8B786 /* CPAnimationProgram.h */ = {isa = PBXFileReference; fileEncoding = 4; lastKnownFileType = sourcecode.c.h; name = CPAnimationProgram.h; path = ../CPAnimationProgram.h; sourceTree = "<group>"; };
		ABEAC1AE199A32E200B8B786 /* CPAnimationProgram.m */ = {isa = PBXFileReference; fileEncoding = 4; lastKnownFileType = sourcecode.c.objc; name = CPAnimationProgram.m; path = ../CPAnimationProgram.m; sourceTree = "<group>"; };
		ABEAC1AF199A32E200B8B786 /* CPAnimationSequence.h */ = {isa = PBXFileReference; fileEncoding = 4; lastKnownFileType = sourcecode.c.h; name = CPAnimationSequence.h; path = ../CPAnimationSequence.h; sourceTree = "<group>"; };
		ABEAC1B0199A32E200B8B786 /* CPAnimationSequence.m */ = {isa = PBXFileReference; fileEncoding = 4; lastKnownFileType = sourcecode.c.objc; name = CPAnimationSequence.m; path = ../CPAnimationSequence.m; sourceTree = "<group>"; };
		ABEAC1B1199A32E200B8B786 /* CPAnimationStep.h */ = {isa = PBXFileReference; fileEncoding = 4; lastKnownFileType = sourcecode.c.h; name = CPAnimationStep.h; path = ../CPAnimationStep.h; sourceTree = "<group>"; };
		ABEAC1B2199A32E200B8B786 /* CPAnimationStep.m */ = {isa = PBXFileReference; fileEncoding = 4; lastKnownFileType = sourcecode.c.objc; name = CPAnimationStep.m; path = ../CPAnimationStep.m; sourceTree = "<group>"; };
/* End PBXFileReference section */

/* Begin PBXFrameworksBuildPhase section */
		ABEAC15F199A282E00B8B786 /* Frameworks */ = {
			isa = PBXFrameworksBuildPhase;
			buildActionMask = 2147483647;
			files = (
				ABEAC168199A282E00B8B786 /* CoreGraphics.framework in Frameworks */,
				ABEAC16A199A282E00B8B786 /* UIKit.framework in Frameworks */,
				ABEAC166199A282E00B8B786 /* Foundation.framework in Frameworks */,
			);
			runOnlyForDeploymentPostprocessing = 0;
		};
		ABEAC183199A282E00B8B786 /* Frameworks */ = {
			isa = PBXFrameworksBuildPhase;
			buildActionMask = 2147483647;
			files = (
				ABEAC188199A282E00B8B786 /* XCTest.framework in Frameworks */,
				ABEAC18A199A282E00B8B786 /* UIKit.framework in Frameworks */,
				ABEAC189199A282E00B8B786 /* Foundation.framework in Frameworks */,
			);
			runOnlyForDeploymentPostprocessing = 0;
		};
/* End PBXFrameworksBuildPhase section */

/* Begin PBXGroup section */
		ABEAC159199A282E00B8B786 = {
			isa = PBXGroup;
			children = (
				ABEAC1AD199A32E200B8B786 /* CPAnimationProgram.h */,
				ABEAC1AE199A32E200B8B786 /* CPAnimationProgram.m */,
				ABEAC1AF199A32E200B8B786 /* CPAnimationSequence.h */,
				ABEAC1B0199A32E200B8B786 /* CPAnimationSequence.m */,
				ABEAC1B1199A32E200B8B786 /* CPAnimationStep.h */,
				ABEAC1B2199A32E200B8B786 /* CPAnimationStep.m */,
				ABEAC19D199A283D00B8B786 /* VRAnimationTools */,
				ABEAC16B199A282E00B8B786 /* VRAnimationToolsExample */,
				ABEAC18D199A282E00B8B786 /* VRAnimationToolsExampleTests */,
				ABEAC164199A282E00B8B786 /* Frameworks */,
				ABEAC163199A282E00B8B786 /* Products */,
			);
			sourceTree = "<group>";
		};
		ABEAC163199A282E00B8B786 /* Products */ = {
			isa = PBXGroup;
			children = (
				ABEAC162199A282E00B8B786 /* VRAnimationToolsExample.app */,
				ABEAC186199A282E00B8B786 /* VRAnimationToolsExampleTests.xctest */,
			);
			name = Products;
			sourceTree = "<group>";
		};
		ABEAC164199A282E00B8B786 /* Frameworks */ = {
			isa = PBXGroup;
			children = (
				ABEAC165199A282E00B8B786 /* Foundation.framework */,
				ABEAC167199A282E00B8B786 /* CoreGraphics.framework */,
				ABEAC169199A282E00B8B786 /* UIKit.framework */,
				ABEAC187199A282E00B8B786 /* XCTest.framework */,
			);
			name = Frameworks;
			sourceTree = "<group>";
		};
		ABEAC16B199A282E00B8B786 /* VRAnimationToolsExample */ = {
			isa = PBXGroup;
			children = (
				ABEAC174199A282E00B8B786 /* VRAppDelegate.h */,
				ABEAC175199A282E00B8B786 /* VRAppDelegate.m */,
				ABEAC177199A282E00B8B786 /* Main_iPhone.storyboard */,
				ABEAC17D199A282E00B8B786 /* VRViewController.h */,
				ABEAC17E199A282E00B8B786 /* VRViewController.m */,
				ABEAC180199A282E00B8B786 /* Images.xcassets */,
				ABEAC16C199A282E00B8B786 /* Supporting Files */,
			);
			path = VRAnimationToolsExample;
			sourceTree = "<group>";
		};
		ABEAC16C199A282E00B8B786 /* Supporting Files */ = {
			isa = PBXGroup;
			children = (
				ABEAC16D199A282E00B8B786 /* VRAnimationToolsExample-Info.plist */,
				ABEAC16E199A282E00B8B786 /* InfoPlist.strings */,
				ABEAC171199A282E00B8B786 /* main.m */,
				ABEAC173199A282E00B8B786 /* VRAnimationToolsExample-Prefix.pch */,
			);
			name = "Supporting Files";
			sourceTree = "<group>";
		};
		ABEAC18D199A282E00B8B786 /* VRAnimationToolsExampleTests */ = {
			isa = PBXGroup;
			children = (
				ABEAC193199A282E00B8B786 /* VRAnimationToolsExampleTests.m */,
				ABEAC18E199A282E00B8B786 /* Supporting Files */,
			);
			path = VRAnimationToolsExampleTests;
			sourceTree = "<group>";
		};
		ABEAC18E199A282E00B8B786 /* Supporting Files */ = {
			isa = PBXGroup;
			children = (
				ABEAC18F199A282E00B8B786 /* VRAnimationToolsExampleTests-Info.plist */,
				ABEAC190199A282E00B8B786 /* InfoPlist.strings */,
			);
			name = "Supporting Files";
			sourceTree = "<group>";
		};
		ABEAC19D199A283D00B8B786 /* VRAnimationTools */ = {
			isa = PBXGroup;
			children = (
				ABEAC19E199A283D00B8B786 /* UIView+AnimationTools.h */,
				ABEAC19F199A283D00B8B786 /* UIView+AnimationTools.m */,
				ABEAC1A1199A283D00B8B786 /* VRAnimationTools.h */,
			);
			name = VRAnimationTools;
			path = ../VRAnimationTools;
			sourceTree = "<group>";
		};
/* End PBXGroup section */

/* Begin PBXNativeTarget section */
		ABEAC161199A282E00B8B786 /* VRAnimationToolsExample */ = {
			isa = PBXNativeTarget;
			buildConfigurationList = ABEAC197199A282E00B8B786 /* Build configuration list for PBXNativeTarget "VRAnimationToolsExample" */;
			buildPhases = (
				ABEAC15E199A282E00B8B786 /* Sources */,
				ABEAC15F199A282E00B8B786 /* Frameworks */,
				ABEAC160199A282E00B8B786 /* Resources */,
			);
			buildRules = (
			);
			dependencies = (
			);
			name = VRAnimationToolsExample;
			productName = VRAnimationToolsExample;
			productReference = ABEAC162199A282E00B8B786 /* VRAnimationToolsExample.app */;
			productType = "com.apple.product-type.application";
		};
		ABEAC185199A282E00B8B786 /* VRAnimationToolsExampleTests */ = {
			isa = PBXNativeTarget;
			buildConfigurationList = ABEAC19A199A282E00B8B786 /* Build configuration list for PBXNativeTarget "VRAnimationToolsExampleTests" */;
			buildPhases = (
				ABEAC182199A282E00B8B786 /* Sources */,
				ABEAC183199A282E00B8B786 /* Frameworks */,
				ABEAC184199A282E00B8B786 /* Resources */,
			);
			buildRules = (
			);
			dependencies = (
				ABEAC18C199A282E00B8B786 /* PBXTargetDependency */,
			);
			name = VRAnimationToolsExampleTests;
			productName = VRAnimationToolsExampleTests;
			productReference = ABEAC186199A282E00B8B786 /* VRAnimationToolsExampleTests.xctest */;
			productType = "com.apple.product-type.bundle.unit-test";
		};
/* End PBXNativeTarget section */

/* Begin PBXProject section */
		ABEAC15A199A282E00B8B786 /* Project object */ = {
			isa = PBXProject;
			attributes = {
				CLASSPREFIX = VR;
				LastUpgradeCheck = 0510;
				ORGANIZATIONNAME = "Ivan Rublev http://ivanrublev.me";
				TargetAttributes = {
					ABEAC185199A282E00B8B786 = {
						TestTargetID = ABEAC161199A282E00B8B786;
					};
				};
			};
			buildConfigurationList = ABEAC15D199A282E00B8B786 /* Build configuration list for PBXProject "VRAnimationToolsExample" */;
			compatibilityVersion = "Xcode 3.2";
			developmentRegion = English;
			hasScannedForEncodings = 0;
			knownRegions = (
				en,
				Base,
			);
			mainGroup = ABEAC159199A282E00B8B786;
			productRefGroup = ABEAC163199A282E00B8B786 /* Products */;
			projectDirPath = "";
			projectRoot = "";
			targets = (
				ABEAC161199A282E00B8B786 /* VRAnimationToolsExample */,
				ABEAC185199A282E00B8B786 /* VRAnimationToolsExampleTests */,
			);
		};
/* End PBXProject section */

/* Begin PBXResourcesBuildPhase section */
		ABEAC160199A282E00B8B786 /* Resources */ = {
			isa = PBXResourcesBuildPhase;
			buildActionMask = 2147483647;
			files = (
				ABEAC181199A282E00B8B786 /* Images.xcassets in Resources */,
				ABEAC179199A282E00B8B786 /* Main_iPhone.storyboard in Resources */,
				ABEAC170199A282E00B8B786 /* InfoPlist.strings in Resources */,
			);
			runOnlyForDeploymentPostprocessing = 0;
		};
		ABEAC184199A282E00B8B786 /* Resources */ = {
			isa = PBXResourcesBuildPhase;
			buildActionMask = 2147483647;
			files = (
				ABEAC192199A282E00B8B786 /* InfoPlist.strings in Resources */,
			);
			runOnlyForDeploymentPostprocessing = 0;
		};
/* End PBXResourcesBuildPhase section */

/* Begin PBXSourcesBuildPhase section */
		ABEAC15E199A282E00B8B786 /* Sources */ = {
			isa = PBXSourcesBuildPhase;
			buildActionMask = 2147483647;
			files = (
				ABEAC17F199A282E00B8B786 /* VRViewController.m in Sources */,
				ABEAC1B5199A32E200B8B786 /* CPAnimationStep.m in Sources */,
				ABEAC176199A282E00B8B786 /* VRAppDelegate.m in Sources */,
				ABEAC1B4199A32E200B8B786 /* CPAnimationSequence.m in Sources */,
				ABEAC1B3199A32E200B8B786 /* CPAnimationProgram.m in Sources */,
				ABEAC172199A282E00B8B786 /* main.m in Sources */,
				ABEAC1A2199A283D00B8B786 /* UIView+AnimationTools.m in Sources */,
			);
			runOnlyForDeploymentPostprocessing = 0;
		};
		ABEAC182199A282E00B8B786 /* Sources */ = {
			isa = PBXSourcesBuildPhase;
			buildActionMask = 2147483647;
			files = (
				ABEAC194199A282E00B8B786 /* VRAnimationToolsExampleTests.m in Sources */,
			);
			runOnlyForDeploymentPostprocessing = 0;
		};
/* End PBXSourcesBuildPhase section */

/* Begin PBXTargetDependency section */
		ABEAC18C199A282E00B8B786 /* PBXTargetDependency */ = {
			isa = PBXTargetDependency;
			target = ABEAC161199A282E00B8B786 /* VRAnimationToolsExample */;
			targetProxy = ABEAC18B199A282E00B8B786 /* PBXContainerItemProxy */;
		};
/* End PBXTargetDependency section */

/* Begin PBXVariantGroup section */
		ABEAC16E199A282E00B8B786 /* InfoPlist.strings */ = {
			isa = PBXVariantGroup;
			children = (
				ABEAC16F199A282E00B8B786 /* en */,
			);
			name = InfoPlist.strings;
			sourceTree = "<group>";
		};
		ABEAC177199A282E00B8B786 /* Main_iPhone.storyboard */ = {
			isa = PBXVariantGroup;
			children = (
				ABEAC178199A282E00B8B786 /* Base */,
			);
			name = Main_iPhone.storyboard;
			sourceTree = "<group>";
		};
		ABEAC190199A282E00B8B786 /* InfoPlist.strings */ = {
			isa = PBXVariantGroup;
			children = (
				ABEAC191199A282E00B8B786 /* en */,
			);
			name = InfoPlist.strings;
			sourceTree = "<group>";
		};
/* End PBXVariantGroup section */

/* Begin XCBuildConfiguration section */
		ABEAC195199A282E00B8B786 /* Debug */ = {
			isa = XCBuildConfiguration;
			buildSettings = {
				ALWAYS_SEARCH_USER_PATHS = NO;
				CLANG_CXX_LANGUAGE_STANDARD = "gnu++0x";
				CLANG_CXX_LIBRARY = "libc++";
				CLANG_ENABLE_MODULES = YES;
				CLANG_ENABLE_OBJC_ARC = YES;
				CLANG_WARN_BOOL_CONVERSION = YES;
				CLANG_WARN_CONSTANT_CONVERSION = YES;
				CLANG_WARN_DIRECT_OBJC_ISA_USAGE = YES_ERROR;
				CLANG_WARN_EMPTY_BODY = YES;
				CLANG_WARN_ENUM_CONVERSION = YES;
				CLANG_WARN_INT_CONVERSION = YES;
				CLANG_WARN_OBJC_ROOT_CLASS = YES_ERROR;
				CLANG_WARN__DUPLICATE_METHOD_MATCH = YES;
				"CODE_SIGN_IDENTITY[sdk=iphoneos*]" = "iPhone Developer";
				COPY_PHASE_STRIP = NO;
				GCC_C_LANGUAGE_STANDARD = gnu99;
				GCC_DYNAMIC_NO_PIC = NO;
				GCC_OPTIMIZATION_LEVEL = 0;
				GCC_PREPROCESSOR_DEFINITIONS = (
					"DEBUG=1",
					"$(inherited)",
				);
				GCC_SYMBOLS_PRIVATE_EXTERN = NO;
				GCC_WARN_64_TO_32_BIT_CONVERSION = YES;
				GCC_WARN_ABOUT_RETURN_TYPE = YES_ERROR;
				GCC_WARN_UNDECLARED_SELECTOR = YES;
				GCC_WARN_UNINITIALIZED_AUTOS = YES_AGGRESSIVE;
				GCC_WARN_UNUSED_FUNCTION = YES;
				GCC_WARN_UNUSED_VARIABLE = YES;
				IPHONEOS_DEPLOYMENT_TARGET = 7.1;
				ONLY_ACTIVE_ARCH = YES;
				SDKROOT = iphoneos;
				TARGETED_DEVICE_FAMILY = "1,2";
			};
			name = Debug;
		};
		ABEAC196199A282E00B8B786 /* Release */ = {
			isa = XCBuildConfiguration;
			buildSettings = {
				ALWAYS_SEARCH_USER_PATHS = NO;
				CLANG_CXX_LANGUAGE_STANDARD = "gnu++0x";
				CLANG_CXX_LIBRARY = "libc++";
				CLANG_ENABLE_MODULES = YES;
				CLANG_ENABLE_OBJC_ARC = YES;
				CLANG_WARN_BOOL_CONVERSION = YES;
				CLANG_WARN_CONSTANT_CONVERSION = YES;
				CLANG_WARN_DIRECT_OBJC_ISA_USAGE = YES_ERROR;
				CLANG_WARN_EMPTY_BODY = YES;
				CLANG_WARN_ENUM_CONVERSION = YES;
				CLANG_WARN_INT_CONVERSION = YES;
				CLANG_WARN_OBJC_ROOT_CLASS = YES_ERROR;
				CLANG_WARN__DUPLICATE_METHOD_MATCH = YES;
				"CODE_SIGN_IDENTITY[sdk=iphoneos*]" = "iPhone Developer";
				COPY_PHASE_STRIP = YES;
				ENABLE_NS_ASSERTIONS = NO;
				GCC_C_LANGUAGE_STANDARD = gnu99;
				GCC_WARN_64_TO_32_BIT_CONVERSION = YES;
				GCC_WARN_ABOUT_RETURN_TYPE = YES_ERROR;
				GCC_WARN_UNDECLARED_SELECTOR = YES;
				GCC_WARN_UNINITIALIZED_AUTOS = YES_AGGRESSIVE;
				GCC_WARN_UNUSED_FUNCTION = YES;
				GCC_WARN_UNUSED_VARIABLE = YES;
				IPHONEOS_DEPLOYMENT_TARGET = 7.1;
				SDKROOT = iphoneos;
				TARGETED_DEVICE_FAMILY = "1,2";
				VALIDATE_PRODUCT = YES;
			};
			name = Release;
		};
		ABEAC198199A282E00B8B786 /* Debug */ = {
			isa = XCBuildConfiguration;
			buildSettings = {
				ASSETCATALOG_COMPILER_APPICON_NAME = AppIcon;
				ASSETCATALOG_COMPILER_LAUNCHIMAGE_NAME = LaunchImage;
				GCC_PRECOMPILE_PREFIX_HEADER = YES;
				GCC_PREFIX_HEADER = "VRAnimationToolsExample/VRAnimationToolsExample-Prefix.pch";
				INFOPLIST_FILE = "VRAnimationToolsExample/VRAnimationToolsExample-Info.plist";
				PRODUCT_NAME = "$(TARGET_NAME)";
				TARGETED_DEVICE_FAMILY = 1;
				WRAPPER_EXTENSION = app;
			};
			name = Debug;
		};
		ABEAC199199A282E00B8B786 /* Release */ = {
			isa = XCBuildConfiguration;
			buildSettings = {
				ASSETCATALOG_COMPILER_APPICON_NAME = AppIcon;
				ASSETCATALOG_COMPILER_LAUNCHIMAGE_NAME = LaunchImage;
				GCC_PRECOMPILE_PREFIX_HEADER = YES;
				GCC_PREFIX_HEADER = "VRAnimationToolsExample/VRAnimationToolsExample-Prefix.pch";
				INFOPLIST_FILE = "VRAnimationToolsExample/VRAnimationToolsExample-Info.plist";
				PRODUCT_NAME = "$(TARGET_NAME)";
				TARGETED_DEVICE_FAMILY = 1;
				WRAPPER_EXTENSION = app;
			};
			name = Release;
		};
		ABEAC19B199A282E00B8B786 /* Debug */ = {
			isa = XCBuildConfiguration;
			buildSettings = {
				BUNDLE_LOADER = "$(BUILT_PRODUCTS_DIR)/VRAnimationToolsExample.app/VRAnimationToolsExample";
				FRAMEWORK_SEARCH_PATHS = (
					"$(SDKROOT)/Developer/Library/Frameworks",
					"$(inherited)",
					"$(DEVELOPER_FRAMEWORKS_DIR)",
				);
				GCC_PRECOMPILE_PREFIX_HEADER = YES;
				GCC_PREFIX_HEADER = "VRAnimationToolsExample/VRAnimationToolsExample-Prefix.pch";
				GCC_PREPROCESSOR_DEFINITIONS = (
					"DEBUG=1",
					"$(inherited)",
				);
				INFOPLIST_FILE = "VRAnimationToolsExampleTests/VRAnimationToolsExampleTests-Info.plist";
				PRODUCT_NAME = "$(TARGET_NAME)";
				TEST_HOST = "$(BUNDLE_LOADER)";
				WRAPPER_EXTENSION = xctest;
			};
			name = Debug;
		};
		ABEAC19C199A282E00B8B786 /* Release */ = {
			isa = XCBuildConfiguration;
			buildSettings = {
				BUNDLE_LOADER = "$(BUILT_PRODUCTS_DIR)/VRAnimationToolsExample.app/VRAnimationToolsExample";
				FRAMEWORK_SEARCH_PATHS = (
					"$(SDKROOT)/Developer/Library/Frameworks",
					"$(inherited)",
					"$(DEVELOPER_FRAMEWORKS_DIR)",
				);
				GCC_PRECOMPILE_PREFIX_HEADER = YES;
				GCC_PREFIX_HEADER = "VRAnimationToolsExample/VRAnimationToolsExample-Prefix.pch";
				INFOPLIST_FILE = "VRAnimationToolsExampleTests/VRAnimationToolsExampleTests-Info.plist";
				PRODUCT_NAME = "$(TARGET_NAME)";
				TEST_HOST = "$(BUNDLE_LOADER)";
				WRAPPER_EXTENSION = xctest;
			};
			name = Release;
		};
/* End XCBuildConfiguration section */

/* Begin XCConfigurationList section */
		ABEAC15D199A282E00B8B786 /* Build configuration list for PBXProject "VRAnimationToolsExample" */ = {
			isa = XCConfigurationList;
			buildConfigurations = (
				ABEAC195199A282E00B8B786 /* Debug */,
				ABEAC196199A282E00B8B786 /* Release */,
			);
			defaultConfigurationIsVisible = 0;
			defaultConfigurationName = Release;
		};
		ABEAC197199A282E00B8B786 /* Build configuration list for PBXNativeTarget "VRAnimationToolsExample" */ = {
			isa = XCConfigurationList;
			buildConfigurations = (
				ABEAC198199A282E00B8B786 /* Debug */,
				ABEAC199199A282E00B8B786 /* Release */,
			);
			defaultConfigurationIsVisible = 0;
		};
		ABEAC19A199A282E00B8B786 /* Build configuration list for PBXNativeTarget "VRAnimationToolsExampleTests" */ = {
			isa = XCConfigurationList;
			buildConfigurations = (
				ABEAC19B199A282E00B8B786 /* Debug */,
				ABEAC19C199A282E00B8B786 /* Release */,
			);
			defaultConfigurationIsVisible = 0;
		};
/* End XCConfigurationList section */
	};
	rootObject = ABEAC15A199A282E00B8B786 /* Project object */;
}
